github.com/andanhm/go-prettytime v1.1.0 h1:7Zr0ZiYUhV+aG7fFaVx+z/8di961R6btNyidMo9Gptw=
github.com/andanhm/go-prettytime v1.1.0/go.mod h1:uizwLzwLZu1FTvSz8DSGkqm8Vc4edGa2VIMu16aoiZg=
github.com/beorn7/perks v1.0.1 h1:VlbKKnNfV8bJzeqoa4cOKqO6bYr3WgKZxO8Z16+hsOM=
github.com/beorn7/perks v1.0.1/go.mod h1:G2ZrVWU2WbWT9wwq4/hrbKbnv/1ERSJQ0ibhJ6rlkpw=
github.com/brotherlogic/buildserver v0.0.0-20240712230902-3eca63f96e88 h1:R9QFzJqKjA90HXZLqbmzRT2MTa29ZBmR3feFjJ1y9nE=
github.com/brotherlogic/buildserver v0.0.0-20240712230902-3eca63f96e88/go.mod h1:25Rj+anG4pDeL/xXTcTLFTYZ3QxfTUl3Gw0UGYf7DLM=
github.com/brotherlogic/buildserver v0.0.0-20240803003240-eff5c6b8c6e8 h1:oy+Idz+oiu2Caa1n4EjR1yfRdGwpBwQ2ww9QRQ8Pvpg=
github.com/brotherlogic/buildserver v0.0.0-20240803003240-eff5c6b8c6e8/go.mod h1:sZCbWULTVBJzF1PgRcalWztTbIBduJ4/v8NJN8bggbc=
github.com/brotherlogic/buildserver v0.0.0-20240817020748-667e2b0ecc21 h1:TixexRO1zlI6W8Fey0bWosUJle8Hjoa/n5jm1PhSFAg=
github.com/brotherlogic/buildserver v0.0.0-20240817020748-667e2b0ecc21/go.mod h1:i1nsvTjsuQ/tGHzFJUdzpJ6mr9jeZaXJsGotiGOcbcw=
github.com/brotherlogic/datastore v0.0.0-20240712025237-0166a6618dac h1:IA4moEFV4wOPWaDvAqwYn7SGQrjuFRNalcuwB9bU0Po=
github.com/brotherlogic/datastore v0.0.0-20240712025237-0166a6618dac/go.mod h1:FDAOT7Viuy7at+tYjX0mQeYg4Ii0AUjlrfz5EB7G0AY=
github.com/brotherlogic/datastore v0.0.0-20240802162445-04069070b6c3 h1:x7SWx+p5+5Ptb3jGxVsyRl1NWMBsFAK8xlAJQ1YCm7Q=
github.com/brotherlogic/datastore v0.0.0-20240802162445-04069070b6c3/go.mod h1:GYknDu3bq05pQvHBUWbCcqKz/UUjEAEZ0kbpNaN+s9I=
github.com/brotherlogic/datastore v0.0.0-20240816175715-52a574d2cc12 h1:UUVKq7nC0yYbdDbZASoKEA55umUruGRe7Jow7PzcqH0=
github.com/brotherlogic/datastore v0.0.0-20240816175715-52a574d2cc12/go.mod h1:a7dKGOjouz/nIEXFMk0H5TRe1aUHGvRNrfsb7TPkSbk=
github.com/brotherlogic/discogs v0.0.0-20240707024052-b17d4be74ea7 h1:3520V7IRGGrzcEpv5DQ73Ce3Ze5p1Bm8vxBd7WOp7pw=
github.com/brotherlogic/discogs v0.0.0-20240707024052-b17d4be74ea7/go.mod h1:ZQrj/DKTPBbaQL+RO5MkwKmPrTffm6qwsSnVcdckSw8=
github.com/brotherlogic/discogs v0.0.0-20240724224715-f671cbf60b33 h1:2sYFnfCrKiv2RlYfea90Kqk8sX+TiRCdKTF402NLQLM=
github.com/brotherlogic/discogs v0.0.0-20240724224715-f671cbf60b33/go.mod h1:ZQrj/DKTPBbaQL+RO5MkwKmPrTffm6qwsSnVcdckSw8=
github.com/brotherlogic/discogs v0.0.0-20240816225936-eb34e3085d34 h1:/ft52/v/rbD/sfGNLNhV0EL4kTM3F9raI12CwgfvowM=
github.com/brotherlogic/discogs v0.0.0-20240816225936-eb34e3085d34/go.mod h1:ZQrj/DKTPBbaQL+RO5MkwKmPrTffm6qwsSnVcdckSw8=
github.com/brotherlogic/discovery v0.0.0-20240715163650-e8ab9c1d4b5d h1:gnMJyEJqs+deg8gBBeUlPdUwa8gdKKaHVW1g5JS8xZ4=
github.com/brotherlogic/discovery v0.0.0-20240715163650-e8ab9c1d4b5d/go.mod h1:RY/L2477IIcBQb0UCoTHJDn/7t2e0K2rJHj3wsCmvOY=
github.com/brotherlogic/discovery v0.0.0-20240805170541-28b740009086 h1:TxPP1NotpvFmW2K1XhK99qWhsU8d/DXF61CZDLwFodU=
github.com/brotherlogic/discovery v0.0.0-20240805170541-28b740009086/go.mod h1:YqsxKCXgeIb8MU7h+6VJRy6GKDXI+IwsMqFouj48bzw=
github.com/brotherlogic/discovery v0.0.0-20240812173119-4050739007a7 h1:H6QfBE9miRAw+AYm/+3VwxSCzBF0sspbloKsFFiC8Fk=
github.com/brotherlogic/discovery v0.0.0-20240812173119-4050739007a7/go.mod h1:UKvQ5B1bncRBqjznfUR7ndzFsYGFX/8xqHmUr44nY54=
github.com/brotherlogic/dstore v0.0.0-20240712175918-ed573b257ee6 h1:Ca4oXoUEE+Av/djFWN1iaYviw6FkI/JY9ETdMHfcxgQ=
github.com/brotherlogic/dstore v0.0.0-20240712175918-ed573b257ee6/go.mod h1:IBmiHbLleJorlzs0eq9csDMg22bVMb9H400qYcQGVT0=
github.com/brotherlogic/dstore v0.0.0-20240802191723-3562659668b0 h1:cP46YxHkaBGgqiMBqAg/9AVy0qAPphdlYi/f6khGIwo=
github.com/brotherlogic/dstore v0.0.0-20240802191723-3562659668b0/go.mod h1:gm5n1ayMfGsCv07FkdJtNSdm90ww9jM1cfl+C8gXm+c=
github.com/brotherlogic/dstore v0.0.0-20240816193730-559fd8155f3f h1:sAoQyrxK1NTawvoiKB81vQFQE5YyU0EzLxzJqaZY8ag=
github.com/brotherlogic/dstore v0.0.0-20240816193730-559fd8155f3f/go.mod h1:Cm+4N4V5vCsN7wEuUM5zavoJ9xQumRB8McVIRWtIl88=
github.com/brotherlogic/githubcard v0.0.0-20240715164647-186dacf3f197 h1:/vpRt/S3KgG5BaspmDy+VPPrnbEJ5DkC8GiGxN179vQ=
github.com/brotherlogic/githubcard v0.0.0-20240715164647-186dacf3f197/go.mod h1:G0tGk13DJGB5WyECCW5nAmpQ8LoGuU4RBUrVR8d6ohU=
github.com/brotherlogic/githubcard v0.0.0-20240805171845-4e3c1ece17ae h1:cl5N7EiCy19hCasXm7zFdcDyU20BQ4Cgdp1gfDJ3L+E=
github.com/brotherlogic/githubcard v0.0.0-20240805171845-4e3c1ece17ae/go.mod h1:tYoJx52eiiv1zQPlxm9Jgckeer7KASrdcU+KMQnzLfc=
github.com/brotherlogic/githubcard v0.0.0-20240812174228-e0761885f3c7 h1:2ync3/C3msL5WsIBQR9M/3xL+TMPEsPb9Lj6Dc9u6Bw=
github.com/brotherlogic/githubcard v0.0.0-20240812174228-e0761885f3c7/go.mod h1:FqPQos0eT+RMRWpc1iswsGqAcvkY8ytd7uZeiDTx9gk=
github.com/brotherlogic/githubridge v0.2802.0 h1:9Dz8jzHYNNGheax3eZxLP7itjMnWjReukNafNa/U76E=
github.com/brotherlogic/githubridge v0.2802.0/go.mod h1:XTxap90/th23AU2BWYFxnSyiQFwDYyBI0PWxDZTCQpo=
github.com/brotherlogic/gobuildslave v0.0.0-20240714210717-0971582f6c06 h1:xS7xvro1TWPaa1Raz9fNYGn4FHDnWJ+ik+c6CYQqa/w=
github.com/brotherlogic/gobuildslave v0.0.0-20240714210717-0971582f6c06/go.mod h1:I3nnVAdYWrqrMAnl1UqoAxtznI8kUgBwyk63wjWMSQc=
github.com/brotherlogic/gobuildslave v0.0.0-20240804212938-c91ecb0c1dfa h1:7T9IxgkNdmnfsI3ejdh8hS6Rn+SIQJ5Jea3w1wzceq8=
github.com/brotherlogic/gobuildslave v0.0.0-20240804212938-c91ecb0c1dfa/go.mod h1:vZiv22V8gPawuIdRm09wbQ9KKHldUR8GBqFze/L8hTc=
github.com/brotherlogic/gobuildslave v0.0.0-20240811214010-d72790324037 h1:dr3pByhyOXWRqQ4oW1U0yk56H6qZsmWZvxyISvvnp/0=
github.com/brotherlogic/gobuildslave v0.0.0-20240811214010-d72790324037/go.mod h1:JGRGZXA3BseKXy7Z+x8m2x9ft2tl0yeKru0qRDP8bIw=
github.com/brotherlogic/godiscogs v0.0.0-20240619222044-69e643325529 h1:m6lPFmPpXhsmEAyQmRy5p8Z00QjNJBcytzUIr6K1Nas=
github.com/brotherlogic/godiscogs v0.0.0-20240619222044-69e643325529/go.mod h1:4wYe3uogEJqP77td2b2j69c+TLcSDrqgd5pqj7vlb6U=
github.com/brotherlogic/godiscogs v0.0.0-20240807044848-c3505d426aae h1:1vgTtJsWhRASHdsJ3+A2P5xe/POCUCubn0obMCMcJTI=
github.com/brotherlogic/godiscogs v0.0.0-20240807044848-c3505d426aae/go.mod h1:4wYe3uogEJqP77td2b2j69c+TLcSDrqgd5pqj7vlb6U=
github.com/brotherlogic/godiscogs v0.0.0-20240817150050-bde4a2c00f40 h1:RMXir15Gszc7b87fUaheizrtQDnJCLoPdegBMfYgNl4=
github.com/brotherlogic/godiscogs v0.0.0-20240817150050-bde4a2c00f40/go.mod h1:4wYe3uogEJqP77td2b2j69c+TLcSDrqgd5pqj7vlb6U=
github.com/brotherlogic/goserver v0.0.0-20240303220030-80da220f0393 h1:URH8Z026zIMp4jli5l0AdRpxorjYMAOzA3zf2eifYW8=
github.com/brotherlogic/goserver v0.0.0-20240303220030-80da220f0393/go.mod h1:DQcHpGZOjqnapi7JCYxmpOebkVjqgpfLuPNNNquy4Z0=
github.com/brotherlogic/gramophile v0.811.0 h1:lMC06jl3kkHOvYk96r8y1orplXnv7fSzw3H8pH6IiEM=
github.com/brotherlogic/gramophile v0.811.0/go.mod h1:1GmLmXtPplRNFSZLdMLXZdXe7SK064GTIjb0IFwT2cI=
github.com/brotherlogic/gramophile v0.896.0 h1:UAPwDTDeNUWlhVbCp98Ewh0YEEJHNS/w0PdtsmbyyzY=
github.com/brotherlogic/gramophile v0.896.0/go.mod h1:k7ZYpZ9i3g81+UVZpZ3nXLfwCFSCnzc3rGIWDeP043Y=
github.com/brotherlogic/gramophile v0.940.0 h1:G7BTo9XQ8egFh6rUo+O8sDpr/7b4qfGdxC/AFolDbSo=
github.com/brotherlogic/gramophile v0.940.0/go.mod h1:rZsARR1Qcn252eBBlmuvwZzPCdak9MZgGi5eY9U4J1w=
github.com/brotherlogic/keystore v0.0.0-20240508161349-814b3200b126 h1:6e12Cl80VtMghgEyTyx1tZB1mUSSBHeLhKvikwb7kIQ=
github.com/brotherlogic/keystore v0.0.0-20240508161349-814b3200b126/go.mod h1:2JK2kJhI5ler7e7M1WtIpIkiNGG2qy8V6X7VZLCsd5k=
github.com/brotherlogic/lock v0.0.0-20240715144354-2b5e4e1a7e41 h1:F8wcRG8uiE60PALoDussEyJah5WxJunphGexXAHWO7s=
github.com/brotherlogic/lock v0.0.0-20240715144354-2b5e4e1a7e41/go.mod h1:59pxH5xmA/m8TCSEkEc6lRw4Z8YaQ6JWJzA27DDz6Kk=
github.com/brotherlogic/lock v0.0.0-20240805151630-7153229ce17c h1:SgbDm4J0CyO1Pe3P9pB/XDRRn8/uCgZi1CXGyPQB7rk=
github.com/brotherlogic/lock v0.0.0-20240805151630-7153229ce17c/go.mod h1:abeGcF81htBWcpdcpBOZE8Xu5CLDvJtF+O1QmIWwTxU=
github.com/brotherlogic/lock v0.0.0-20240812154006-f4bfbded6dca h1:63ns11++y8N1EEcWb/Jbzj5FbrliMbZqFkr/4VXSL74=
github.com/brotherlogic/lock v0.0.0-20240812154006-f4bfbded6dca/go.mod h1:I8eUBzjuZFp502apQxcJ8ARTqQWpsI71XpxBLeAMX/I=
github.com/brotherlogic/logging v0.0.0-20240712201917-1ba05a23469b h1:mA0L8R++jljjqUCG9rci2YTT+GBI26xtEKc7149br1c=
github.com/brotherlogic/logging v0.0.0-20240712201917-1ba05a23469b/go.mod h1:/yGNslX0DGdMAAWGTeCCCUdil8AGtBQ7pkvSfQM+TJs=
github.com/brotherlogic/logging v0.0.0-20240802204153-3d65c374a44d h1:5X9Pwnw4XsAPa1nsZeYQXKDrmBO/fAWvcmYYrlTCkjY=
github.com/brotherlogic/logging v0.0.0-20240802204153-3d65c374a44d/go.mod h1:KF8EHXGy5H6Z+SAxWbae3IuRPV7Ah4mtIlREopSDY2Y=
github.com/brotherlogic/logging v0.0.0-20240816205449-61a9fc4eeee6 h1:k9LeEBTVceb85YFsIiuaqQgQDaY7uq2sEkQ3XBF5OJc=
github.com/brotherlogic/logging v0.0.0-20240816205449-61a9fc4eeee6/go.mod h1:F6cnoUHjZneGb4aowMCqhfI5+8t/ZGnX5FO+wCaVEXY=
github.com/brotherlogic/monitor v0.0.0-20221025152653-c10877c5f9e6 h1:hxu2T9JspE76sL3XAx/CNtA9bOO6QCEJkyG9rBXFEVA=
github.com/brotherlogic/monitor v0.0.0-20221025152653-c10877c5f9e6/go.mod h1:babny4VO2GqFwjXqhJsP4a6la4XJeMT6f4BgLBPq4G8=
github.com/brotherlogic/printqueue v0.42.0 h1:jfHSZgG4r2RCFRzGNqpbxactwKJpehbIShmZOT3TVdQ=
github.com/brotherlogic/printqueue v0.42.0/go.mod h1:axLSRNex+YFQ3ocddeIlCyPMvHv5UbcptQHSksFYRNc=
github.com/brotherlogic/queue v0.0.0-20240712233521-c68c3ea17228 h1:U6IQMF0W381neYBFE3WvIOHh6XK3cSVQpWIYkhKKFz4=
github.com/brotherlogic/queue v0.0.0-20240712233521-c68c3ea17228/go.mod h1:uL73cMguenkE6Sb08UkY7tuhlguyZeXSFMcHSKnWUCc=
github.com/brotherlogic/queue v0.0.0-20240803013211-04f6d13d8355 h1:vA9q/WEEFdHeIySfHaDFybFPl19mYxNiz33EJsfbSQs=
github.com/brotherlogic/queue v0.0.0-20240803013211-04f6d13d8355/go.mod h1:3GGyxURTlPN5drSY9iRWikUOWLXr/8Uj75sFjBYGW4U=
github.com/brotherlogic/queue v0.0.0-20240817030510-d25dc3d09e5f h1:KB9Ch2XhuLTDq7FD+VpjmZ5UoORhTVsmZVGFJc94keM=
github.com/brotherlogic/queue v0.0.0-20240817030510-d25dc3d09e5f/go.mod h1:VQbwdoLpNBuHVaAl18YhOY8kpOYtTItjzU6TsS6/HUM=
github.com/brotherlogic/recordadder v0.0.0-20240714190125-840a49da8291 h1:6pwYeW4hCkA3qM4FASOBMPBojHOjoGSM6FvDHuXWnpQ=
github.com/brotherlogic/recordadder v0.0.0-20240714190125-840a49da8291/go.mod h1:PE99STfJcXrf2TwL2xF2IACtZgTKcFmdels+uW/B7aQ=
github.com/brotherlogic/recordadder v0.0.0-20240802215457-749a5ccd6322 h1:LPpMlsp9cEcPsCcUpSspo0zE7drLumeGDbkjdIAsw1A=
github.com/brotherlogic/recordadder v0.0.0-20240802215457-749a5ccd6322/go.mod h1:GKzOb0gf1hwVvl83DsGevS/Mw1HQprHPd7V4Y3qZ3sk=
github.com/brotherlogic/recordadder v0.0.0-20240815144131-1a8c95cb4bdf h1:I1s2mfkUVU6+ho8EzdW6L85Gp1IJ52s86uoEecMOaHw=
github.com/brotherlogic/recordadder v0.0.0-20240815144131-1a8c95cb4bdf/go.mod h1:Siq70ZN26mo8r2oed8Aso8cKVg0zXBC8m63imyCccOI=
github.com/brotherlogic/recordfanout v0.0.0-20240716221204-fb87991616d9 h1:yjChn6t/m8zBp7WmxFruNvHeAjv0E8hPACuGRtjf+3s=
github.com/brotherlogic/recordfanout v0.0.0-20240716221204-fb87991616d9/go.mod h1:fbd4aEv2Xr0rD0Jyyxf1Gt98RlUR/5nQc/uXbqTC5qA=
github.com/brotherlogic/recordfanout v0.0.0-20240807001139-ac1e4e55343e h1:3IfUfDrg9r2FuqPdEWJCP5fMf7JUhP5QMzGpzC1npuE=
github.com/brotherlogic/recordfanout v0.0.0-20240807001139-ac1e4e55343e/go.mod h1:a1mEbJ/HORYnPVyGNYHIWKHeyc4WRJQRuTKPofyVTO0=
github.com/brotherlogic/recordfanout v0.0.0-20240815143927-1292e899e219 h1:EMfFjZIvWrLAxAIFq7He8WQDKkQEzj5qlZvx5vbMgzA=
github.com/brotherlogic/recordfanout v0.0.0-20240815143927-1292e899e219/go.mod h1:Da1wLGn7fF/kGil0SX4Lwv6IqL1df1xtS5H/xdt5ns4=
github.com/brotherlogic/recordmover v0.0.0-20240712025154-f476ebe666e8 h1:pSOhMNAz7iXlOqdAzv+fgWuo3VX0GtGt/WpyIuFuRxo=
github.com/brotherlogic/recordmover v0.0.0-20240712025154-f476ebe666e8/go.mod h1:qnVKuo1u3TPtp8SlDnQM4tdaX1fMGr5Nh+volFHFJ9w=
github.com/brotherlogic/recordmover v0.0.0-20240807043436-d45c936d3dc6 h1:O82aJjn6FaP3k3hOSeLQ97nuC9gGXAwp3X/4uJJhYCU=
github.com/brotherlogic/recordmover v0.0.0-20240807043436-d45c936d3dc6/go.mod h1:WyeMGk44JnbktLYnfE0XKOFDnWc3RHIM6pes2i8c7do=
github.com/brotherlogic/recordmover v0.0.0-20240814040241-83b1ddf92b1c h1:+cMfo19oaQRXoD0p9QFYa0dE0cAFm7v8QR5SKkE1k2I=
github.com/brotherlogic/recordmover v0.0.0-20240814040241-83b1ddf92b1c/go.mod h1:WyeMGk44JnbktLYnfE0XKOFDnWc3RHIM6pes2i8c7do=
github.com/brotherlogic/recordscores v0.0.0-20240712232856-2ffde859a424 h1:xFlhq+9q6BtUvCJiZ8hNOOX+fS+uWm4rQqVNffM6DnM=
github.com/brotherlogic/recordscores v0.0.0-20240712232856-2ffde859a424/go.mod h1:1/WumOaQYxfGZDVm9aJQps4SNw08KIRVWM/KCA3yRQw=
github.com/brotherlogic/recordscores v0.0.0-20240803002951-ed1129ee13ab h1:e/Fp7tReUs7vINqBSjMaNK6+MFBgERTTxWNSCD9zTe0=
github.com/brotherlogic/recordscores v0.0.0-20240803002951-ed1129ee13ab/go.mod h1:q6tq4WRYnYk0xIxowkIxjy4a4KINWrktOHvQP1PGu0I=
github.com/brotherlogic/recordscores v0.0.0-20240815143802-4439d1e66c22 h1:EMc+2UJP1new2m865mn8XJnq9i3CHd1QOVs/jzo14o0=
github.com/brotherlogic/recordscores v0.0.0-20240815143802-4439d1e66c22/go.mod h1:/ouatFyVSjMFsrTf+AZRDc5sSfZcpI4UdTMT62f1hlY=
github.com/brotherlogic/recordsorganiser v0.0.0-20240713000915-d95a02924bf6 h1:CfrcGMoCRXbUNty5ydGzLsQVCGjON9x4T3f6bbUScSk=
github.com/brotherlogic/recordsorganiser v0.0.0-20240713000915-d95a02924bf6/go.mod h1:VRjDL2eGIjkiOejxIQ0525ag6T1NDEElf9JjbmXoKSQ=
github.com/brotherlogic/recordsorganiser v0.0.0-20240803013100-761dd19c02ba h1:NKBKHCLXpRvBoVcAeAqu5it3XSl3/ybbdjPB7Ax3ZRA=
github.com/brotherlogic/recordsorganiser v0.0.0-20240803013100-761dd19c02ba/go.mod h1:8Te9suQrx0aXI927k/7bONPbwH57aEPjGEB/xVVtrgU=
github.com/brotherlogic/recordsorganiser v0.0.0-20240816180810-59a033361d1a h1:qhcOQO4IE5x+yrjBIWVAfk3Mn88m6a/nkJbh2y+ZzlA=
github.com/brotherlogic/recordsorganiser v0.0.0-20240816180810-59a033361d1a/go.mod h1:UjVBDZ7oVZF10xHYCRb1BlEji1n9LVjvmkKwMP+n1rU=
github.com/brotherlogic/versionserver v0.0.0-20221025154054-c9bcd41be2f2 h1:YjFE4Sa+wwbl4yJwJaMQVeA4CMzLIDbbIuSMdsEp5/w=
github.com/brotherlogic/versionserver v0.0.0-20221025154054-c9bcd41be2f2/go.mod h1:ODrbMDhG+yOp2vie9vE4oaKsKhILDralZMr7PJ4HrJY=
github.com/cespare/xxhash/v2 v2.3.0 h1:UL815xU9SqsFlibzuggzjXhog7bL6oX9BbNZnL2UFvs=
github.com/cespare/xxhash/v2 v2.3.0/go.mod h1:VGX0DQ3Q6kWi7AoAeZDth3/j3BFtOZR5XLFGgcrjCOs=
github.com/davecgh/go-spew v1.1.1 h1:vj9j/u1bqnvCEfJOwUhtlOARqs3+rkHYY13jYWTU97c=
github.com/davecgh/go-spew v1.1.1/go.mod h1:J7Y8YcW2NihsgmVo/mv3lAwl/skON4iLHjSsI+c5H38=
github.com/golang/protobuf v1.5.4 h1:i7eJL8qZTpSEXOPTxNKhASYpMn+8e5Q6AdndVa1dWek=
github.com/golang/protobuf v1.5.4/go.mod h1:lnTiLA8Wa4RWRcIUkrtSVa5nRhsEGBg48fD6rSs7xps=
github.com/google/go-cmp v0.6.0 h1:ofyhxvXcZhMsU5ulbFiLKl/XBFqE1GSq7atu8tAmTRI=
github.com/google/go-cmp v0.6.0/go.mod h1:17dUlkBOakJ0+DkrSSNjCkIjxS6bF9zb3elmeNGIjoY=
github.com/klauspost/compress v1.17.9 h1:6KIumPrER1LHsvBVuDa0r5xaG0Es51mhhB9BQB2qeMA=
github.com/klauspost/compress v1.17.9/go.mod h1:Di0epgTjJY877eYKx5yC51cX2A2Vl2ibi7bDH9ttBbw=
github.com/mitchellh/go-ps v1.0.0 h1:i6ampVEEF4wQFF+bkYfwYgY+F/uYJDktmvLPf7qIgjc=
github.com/mitchellh/go-ps v1.0.0/go.mod h1:J4lOc8z8yJs6vUwklHw2XEIiT4z4C40KtWVN3nvg8Pg=
github.com/munnerz/goautoneg v0.0.0-20191010083416-a7dc8b61c822 h1:C3w9PqII01/Oq1c1nUAm88MOHcQC9l5mIlSMApZMrHA=
github.com/munnerz/goautoneg v0.0.0-20191010083416-a7dc8b61c822/go.mod h1:+n7T8mK8HuQTcFwEeznm/DIxMOiR9yIdICNftLE1DvQ=
github.com/prometheus/client_golang v1.19.1 h1:wZWJDwK+NameRJuPGDhlnFgx8e8HN3XHQeLaYJFJBOE=
github.com/prometheus/client_golang v1.19.1/go.mod h1:mP78NwGzrVks5S2H6ab8+ZZGJLZUq1hoULYBAYBw1Ho=
github.com/prometheus/client_golang v1.20.0 h1:jBzTZ7B099Rg24tny+qngoynol8LtVYlA2bqx3vEloI=
github.com/prometheus/client_golang v1.20.0/go.mod h1:PIEt8X02hGcP8JWbeHyeZ53Y/jReSnHgO035n//V5WE=
github.com/prometheus/client_model v0.6.1 h1:ZKSh/rekM+n3CeS952MLRAdFwIKqeY8b62p8ais2e9E=
github.com/prometheus/client_model v0.6.1/go.mod h1:OrxVMOVHjw3lKMa8+x6HeMGkHMQyHDk9E3jmP2AmGiY=
github.com/prometheus/common v0.55.0 h1:KEi6DK7lXW/m7Ig5i47x0vRzuBsHuvJdi5ee6Y3G1dc=
github.com/prometheus/common v0.55.0/go.mod h1:2SECS4xJG1kd8XF9IcM1gMX6510RAEL65zxzNImwdc8=
github.com/prometheus/procfs v0.15.1 h1:YagwOFzUgYfKKHX6Dr+sHT7km/hxC76UB0learggepc=
github.com/prometheus/procfs v0.15.1/go.mod h1:fB45yRUv8NstnjriLhBQLuOUt+WW4BsoGhij/e3PBqk=
github.com/struCoder/pidusage v0.2.1 h1:dFiEgUDkubeIj0XA1NpQ6+8LQmKrLi7NiIQl86E6BoY=
github.com/struCoder/pidusage v0.2.1/go.mod h1:bewtP2KUA1TBUyza5+/PCpSQ6sc/H6jJbIKAzqW86BA=
golang.org/x/net v0.27.0 h1:5K3Njcw06/l2y9vpGCSdcxWOYHOUk3dVNGDXN+FvAys=
golang.org/x/net v0.27.0/go.mod h1:dDi0PyhWNoiUOrAS8uXv/vnScO4wnHQO4mj9fn/RytE=
golang.org/x/net v0.28.0 h1:a9JDOJc5GMUJ0+UDqmLT86WiEy7iWyIhz8gz8E4e5hE=
golang.org/x/net v0.28.0/go.mod h1:yqtgsTWOOnlGLG9GFRrK3++bGOUEkNBoHZc8MEDWPNg=
golang.org/x/sys v0.22.0 h1:RI27ohtqKCnwULzJLqkv897zojh5/DwS/ENaMzUOaWI=
golang.org/x/sys v0.22.0/go.mod h1:/VUhepiaJMQUp4+oa/7Zr1D23ma6VTLIYjOOTFZPUcA=
golang.org/x/sys v0.23.0 h1:YfKFowiIMvtgl1UERQoTPPToxltDeZfbj4H7dVUCwmM=
golang.org/x/sys v0.23.0/go.mod h1:/VUhepiaJMQUp4+oa/7Zr1D23ma6VTLIYjOOTFZPUcA=
golang.org/x/sys v0.24.0 h1:Twjiwq9dn6R1fQcyiK+wQyHWfaz/BJB+YIpzU/Cv3Xg=
golang.org/x/sys v0.24.0/go.mod h1:/VUhepiaJMQUp4+oa/7Zr1D23ma6VTLIYjOOTFZPUcA=
golang.org/x/text v0.16.0 h1:a94ExnEXNtEwYLGJSIUxnWoxoRz/ZcCsV63ROupILh4=
golang.org/x/text v0.16.0/go.mod h1:GhwF1Be+LQoKShO3cGOHzqOgRrGaYc9AvblQOmPVHnI=
golang.org/x/text v0.17.0 h1:XtiM5bkSOt+ewxlOE/aE/AKEHibwj/6gvWMl9Rsh0Qc=
golang.org/x/text v0.17.0/go.mod h1:BuEKDfySbSR4drPmRPG/7iBdf8hvFMuRexcpahXilzY=
google.golang.org/genproto/googleapis/rpc v0.0.0-20240711142825-46eb208f015d h1:JU0iKnSg02Gmb5ZdV8nYsKEKsP6o/FGVWTrw4i1DA9A=
google.golang.org/genproto/googleapis/rpc v0.0.0-20240711142825-46eb208f015d/go.mod h1:Ue6ibwXGpU+dqIcODieyLOcgj7z8+IcskoNIgZxtrFY=
google.golang.org/genproto/googleapis/rpc v0.0.0-20240805194559-2c9e96a0b5d4 h1:OsSGQeIIsyOEOimVxLEIL4rwGcnrjOydQaiA2bOnZUM=
google.golang.org/genproto/googleapis/rpc v0.0.0-20240805194559-2c9e96a0b5d4/go.mod h1:Ue6ibwXGpU+dqIcODieyLOcgj7z8+IcskoNIgZxtrFY=
google.golang.org/genproto/googleapis/rpc v0.0.0-20240814211410-ddb44dafa142 h1:e7S5W7MGGLaSu8j3YjdezkZ+m1/Nm0uRVRMEMGk26Xs=
google.golang.org/genproto/googleapis/rpc v0.0.0-20240814211410-ddb44dafa142/go.mod h1:UqMtugtsSgubUsoxbuAoiCXvqvErP7Gf0so0mK9tHxU=
google.golang.org/grpc v1.65.0 h1:bs/cUb4lp1G5iImFFd3u5ixQzweKizoZJAwBNLR42lc=
google.golang.org/grpc v1.65.0/go.mod h1:WgYC2ypjlB0EiQi6wdKixMqukr6lBc0Vo+oOgjrM5ZQ=
google.golang.org/protobuf v1.34.2 h1:6xV6lTsCfpGD21XK49h7MhtcApnLqkfYgPcdHftf6hg=
google.golang.org/protobuf v1.34.2/go.mod h1:qYOHts0dSfpeUzUFpOMr/WGzszTmLH+DiWniOlNbLDw=
